<?xml version="1.0" encoding="utf-8"?>
<Project ToolsVersion="4.0" xmlns="http://schemas.microsoft.com/developer/msbuild/2003">
  <ItemGroup>
    <ClCompile Include="Enemy.cpp" />
    <ClCompile Include="FollowCamera.cpp" />
    <ClCompile Include="Goal.cpp" />
    <ClCompile Include="Ground.cpp" />
    <ClCompile Include="Hit.cpp" />
    <ClCompile Include="Player.cpp" />
    <ClCompile Include="Skydome.cpp" />
    <ClCompile Include="externals\imgui\imgui.cpp">
      <Filter>imgui</Filter>
    </ClCompile>
    <ClCompile Include="externals\imgui\imgui_demo.cpp">
      <Filter>imgui</Filter>
    </ClCompile>
    <ClCompile Include="externals\imgui\imgui_draw.cpp">
      <Filter>imgui</Filter>
    </ClCompile>
    <ClCompile Include="externals\imgui\imgui_impl_dx12.cpp">
      <Filter>imgui</Filter>
    </ClCompile>
    <ClCompile Include="externals\imgui\imgui_impl_win32.cpp">
      <Filter>imgui</Filter>
    </ClCompile>
    <ClCompile Include="externals\imgui\imgui_tables.cpp">
      <Filter>imgui</Filter>
    </ClCompile>
    <ClCompile Include="externals\imgui\imgui_widgets.cpp">
      <Filter>imgui</Filter>
    </ClCompile>
    <ClCompile Include="DirectXCommon.cpp">
      <Filter>Engine</Filter>
    </ClCompile>
    <ClCompile Include="ImGuiManager.cpp">
      <Filter>Engine</Filter>
    </ClCompile>
    <ClCompile Include="Input.cpp">
      <Filter>Engine</Filter>
    </ClCompile>
    <ClCompile Include="main.cpp">
      <Filter>Engine</Filter>
    </ClCompile>
    <ClCompile Include="Object3d.cpp">
      <Filter>Engine</Filter>
    </ClCompile>
    <ClCompile Include="Sprite.cpp">
      <Filter>Engine</Filter>
    </ClCompile>
    <ClCompile Include="TextureManager.cpp">
      <Filter>Engine</Filter>
    </ClCompile>
    <ClCompile Include="ViewProjection.cpp">
      <Filter>Engine</Filter>
    </ClCompile>
    <ClCompile Include="WinApp.cpp">
      <Filter>Engine</Filter>
    </ClCompile>
    <ClCompile Include="WorldTransform.cpp">
      <Filter>Engine</Filter>
    </ClCompile>
    <ClCompile Include="GlobalVariables.cpp">
      <Filter>Engine</Filter>
    </ClCompile>
    <ClCompile Include="Easing.cpp">
      <Filter>Engine</Filter>
    </ClCompile>
    <ClCompile Include="Particle.cpp">
      <Filter>Engine</Filter>
    </ClCompile>
    <ClCompile Include="ModelManager.cpp">
      <Filter>Engine</Filter>
    </ClCompile>
    <ClCompile Include="LockOn.cpp" />
  </ItemGroup>
  <ItemGroup>
    <ClInclude Include="Enemy.h" />
    <ClInclude Include="FollowCamera.h" />
    <ClInclude Include="Goal.h" />
    <ClInclude Include="Ground.h" />
    <ClInclude Include="Hit.h" />
    <ClInclude Include="Player.h" />
    <ClInclude Include="Skydome.h" />
    <ClInclude Include="externals\imgui\imconfig.h">
      <Filter>imgui</Filter>
    </ClInclude>
    <ClInclude Include="externals\imgui\imgui.h">
      <Filter>imgui</Filter>
    </ClInclude>
    <ClInclude Include="externals\imgui\imgui_impl_dx12.h">
      <Filter>imgui</Filter>
    </ClInclude>
    <ClInclude Include="externals\imgui\imgui_impl_win32.h">
      <Filter>imgui</Filter>
    </ClInclude>
    <ClInclude Include="externals\imgui\imgui_internal.h">
      <Filter>imgui</Filter>
    </ClInclude>
    <ClInclude Include="externals\imgui\imstb_rectpack.h">
      <Filter>imgui</Filter>
    </ClInclude>
    <ClInclude Include="externals\imgui\imstb_textedit.h">
      <Filter>imgui</Filter>
    </ClInclude>
    <ClInclude Include="externals\imgui\imstb_truetype.h">
      <Filter>imgui</Filter>
    </ClInclude>
    <ClInclude Include="DirectXCommon.h">
      <Filter>Engine</Filter>
    </ClInclude>
    <ClInclude Include="ImGuiManager.h">
      <Filter>Engine</Filter>
    </ClInclude>
    <ClInclude Include="Input.h">
      <Filter>Engine</Filter>
    </ClInclude>
    <ClInclude Include="Matrix44.h">
      <Filter>Engine</Filter>
    </ClInclude>
    <ClInclude Include="Object3d.h">
      <Filter>Engine</Filter>
    </ClInclude>
    <ClInclude Include="Sprite.h">
      <Filter>Engine</Filter>
    </ClInclude>
    <ClInclude Include="TextureManager.h">
      <Filter>Engine</Filter>
    </ClInclude>
    <ClInclude Include="Vec2.h">
      <Filter>Engine</Filter>
    </ClInclude>
    <ClInclude Include="Vec3.h">
      <Filter>Engine</Filter>
    </ClInclude>
    <ClInclude Include="Vec4.h">
      <Filter>Engine</Filter>
    </ClInclude>
    <ClInclude Include="ViewProjection.h">
      <Filter>Engine</Filter>
    </ClInclude>
    <ClInclude Include="WinApp.h">
      <Filter>Engine</Filter>
    </ClInclude>
    <ClInclude Include="WorldTransform.h">
      <Filter>Engine</Filter>
    </ClInclude>
    <ClInclude Include="GlobalVariables.h">
      <Filter>Engine</Filter>
    </ClInclude>
    <ClInclude Include="Log.h">
      <Filter>Engine</Filter>
    </ClInclude>
    <ClInclude Include="Particle.h">
      <Filter>Engine</Filter>
    </ClInclude>
    <ClInclude Include="Easing.h">
      <Filter>Engine</Filter>
    </ClInclude>
    <ClInclude Include="ModelManager.h">
      <Filter>Engine</Filter>
    </ClInclude>
    <ClInclude Include="LockOn.h" />
  </ItemGroup>
  <ItemGroup>
    <Filter Include="imgui">
      <UniqueIdentifier>{d0c0fadc-7fbb-423e-bb8d-5a9501c303f6}</UniqueIdentifier>
    </Filter>
    <Filter Include="Engine">
      <UniqueIdentifier>{c2e45afd-982b-486f-a3d4-7db9f7b83d00}</UniqueIdentifier>
    </Filter>
  </ItemGroup>
  <ItemGroup>
    <Text Include="externals\imgui\LICENSE.txt">
      <Filter>imgui</Filter>
    </Text>
  </ItemGroup>
</Project>