<?xml version="1.0" encoding="utf-8"?>
<Project ToolsVersion="4.0" xmlns="http://schemas.microsoft.com/developer/msbuild/2003">
  <ItemGroup>
    <Filter Include="リソース ファイル">
      <UniqueIdentifier>{67DA6AB6-F800-4c08-8B7A-83BB121AAD01}</UniqueIdentifier>
      <Extensions>rc;ico;cur;bmp;dlg;rc2;rct;bin;rgs;gif;jpg;jpeg;jpe;resx;tiff;tif;png;wav;mfcribbon-ms</Extensions>
    </Filter>
    <Filter Include="imgui">
      <UniqueIdentifier>{9994cc14-7f0a-47aa-861e-c70ee5f4a53c}</UniqueIdentifier>
    </Filter>
    <Filter Include="Engine">
      <UniqueIdentifier>{64da1eb4-35aa-4e29-9a69-e2829f05c147}</UniqueIdentifier>
    </Filter>
    <Filter Include="Game">
      <UniqueIdentifier>{f2617904-622c-44e8-a063-16f2d196b4a5}</UniqueIdentifier>
    </Filter>
  </ItemGroup>
  <ItemGroup>
    <ClCompile Include="externals\imgui\imgui.cpp">
      <Filter>imgui</Filter>
    </ClCompile>
    <ClCompile Include="externals\imgui\imgui_demo.cpp">
      <Filter>imgui</Filter>
    </ClCompile>
    <ClCompile Include="externals\imgui\imgui_draw.cpp">
      <Filter>imgui</Filter>
    </ClCompile>
    <ClCompile Include="externals\imgui\imgui_impl_dx12.cpp">
      <Filter>imgui</Filter>
    </ClCompile>
    <ClCompile Include="externals\imgui\imgui_impl_win32.cpp">
      <Filter>imgui</Filter>
    </ClCompile>
    <ClCompile Include="externals\imgui\imgui_tables.cpp">
      <Filter>imgui</Filter>
    </ClCompile>
    <ClCompile Include="externals\imgui\imgui_widgets.cpp">
      <Filter>imgui</Filter>
    </ClCompile>
    <ClCompile Include="Skydome.cpp">
      <Filter>Game</Filter>
    </ClCompile>
    <ClCompile Include="DirectXCommon.cpp">
      <Filter>Engine</Filter>
    </ClCompile>
    <ClCompile Include="ImGuiManager.cpp">
      <Filter>Engine</Filter>
    </ClCompile>
    <ClCompile Include="Input.cpp">
      <Filter>Engine</Filter>
    </ClCompile>
    <ClCompile Include="main.cpp">
      <Filter>Engine</Filter>
    </ClCompile>
    <ClCompile Include="Model.cpp">
      <Filter>Engine</Filter>
    </ClCompile>
    <ClCompile Include="Object3d.cpp">
      <Filter>Engine</Filter>
    </ClCompile>
    <ClCompile Include="Sprite.cpp">
      <Filter>Engine</Filter>
    </ClCompile>
    <ClCompile Include="WinApp.cpp">
      <Filter>Engine</Filter>
    </ClCompile>
    <ClCompile Include="Ground.cpp">
      <Filter>Game</Filter>
    </ClCompile>
    <ClCompile Include="Player.cpp">
      <Filter>Game</Filter>
    </ClCompile>
  </ItemGroup>
  <ItemGroup>
    <ClInclude Include="externals\imgui\imconfig.h">
      <Filter>imgui</Filter>
    </ClInclude>
    <ClInclude Include="externals\imgui\imgui.h">
      <Filter>imgui</Filter>
    </ClInclude>
    <ClInclude Include="externals\imgui\imgui_impl_dx12.h">
      <Filter>imgui</Filter>
    </ClInclude>
    <ClInclude Include="externals\imgui\imgui_impl_win32.h">
      <Filter>imgui</Filter>
    </ClInclude>
    <ClInclude Include="externals\imgui\imgui_internal.h">
      <Filter>imgui</Filter>
    </ClInclude>
    <ClInclude Include="externals\imgui\imstb_rectpack.h">
      <Filter>imgui</Filter>
    </ClInclude>
    <ClInclude Include="externals\imgui\imstb_textedit.h">
      <Filter>imgui</Filter>
    </ClInclude>
    <ClInclude Include="externals\imgui\imstb_truetype.h">
      <Filter>imgui</Filter>
    </ClInclude>
    <ClInclude Include="DirectXCommon.h">
      <Filter>Engine</Filter>
    </ClInclude>
    <ClInclude Include="ImGuiManager.h">
      <Filter>Engine</Filter>
    </ClInclude>
    <ClInclude Include="Input.h">
      <Filter>Engine</Filter>
    </ClInclude>
    <ClInclude Include="Matrix44.h">
      <Filter>Engine</Filter>
    </ClInclude>
    <ClInclude Include="Model.h">
      <Filter>Engine</Filter>
    </ClInclude>
    <ClInclude Include="Object3d.h">
      <Filter>Engine</Filter>
    </ClInclude>
    <ClInclude Include="Sprite.h">
      <Filter>Engine</Filter>
    </ClInclude>
    <ClInclude Include="Vec2.h">
      <Filter>Engine</Filter>
    </ClInclude>
    <ClInclude Include="Vec3.h">
      <Filter>Engine</Filter>
    </ClInclude>
    <ClInclude Include="Vec4.h">
      <Filter>Engine</Filter>
    </ClInclude>
    <ClInclude Include="WinApp.h">
      <Filter>Engine</Filter>
    </ClInclude>
    <ClInclude Include="Skydome.h">
      <Filter>Game</Filter>
    </ClInclude>
    <ClInclude Include="Ground.h">
      <Filter>Game</Filter>
    </ClInclude>
    <ClInclude Include="Player.h">
      <Filter>Game</Filter>
    </ClInclude>
  </ItemGroup>
  <ItemGroup>
    <Text Include="externals\imgui\LICENSE.txt">
      <Filter>imgui</Filter>
    </Text>
  </ItemGroup>
</Project>