<?xml version="1.0" encoding="utf-8"?>
<Project ToolsVersion="4.0" xmlns="http://schemas.microsoft.com/developer/msbuild/2003">
  <ItemGroup>
    <Filter Include="リソース ファイル">
      <UniqueIdentifier>{67DA6AB6-F800-4c08-8B7A-83BB121AAD01}</UniqueIdentifier>
      <Extensions>rc;ico;cur;bmp;dlg;rc2;rct;bin;rgs;gif;jpg;jpeg;jpe;resx;tiff;tif;png;wav;mfcribbon-ms</Extensions>
    </Filter>
    <Filter Include="Engine">
      <UniqueIdentifier>{64da1eb4-35aa-4e29-9a69-e2829f05c147}</UniqueIdentifier>
    </Filter>
    <Filter Include="Engine\Base">
      <UniqueIdentifier>{500a25b7-0eac-4a3e-ad00-adfa5222aa78}</UniqueIdentifier>
    </Filter>
    <Filter Include="Engine\2d">
      <UniqueIdentifier>{9478d852-42b9-4f0b-aa77-329b735be7b0}</UniqueIdentifier>
    </Filter>
    <Filter Include="Engine\3d">
      <UniqueIdentifier>{9a941f32-ebb8-4c4e-b76f-c453e67b5dbf}</UniqueIdentifier>
    </Filter>
    <Filter Include="Engine\Camera">
      <UniqueIdentifier>{b22288ff-ff60-47bb-9a09-0f5ef2c70bcb}</UniqueIdentifier>
    </Filter>
    <Filter Include="Engine\Math">
      <UniqueIdentifier>{e68d3b46-cfe3-4a5e-9ada-207757d606f4}</UniqueIdentifier>
    </Filter>
    <Filter Include="Engine\Input">
      <UniqueIdentifier>{ff95899c-91a7-4f40-a6e7-e37e1c16c2a8}</UniqueIdentifier>
    </Filter>
    <Filter Include="Engine\3d\Particle">
      <UniqueIdentifier>{05c165ac-f94c-4c9c-b345-1b385a153993}</UniqueIdentifier>
    </Filter>
    <Filter Include="Engine\Framework">
      <UniqueIdentifier>{92047098-2085-4f1b-9b8e-502b184d64c7}</UniqueIdentifier>
    </Filter>
    <Filter Include="Game">
      <UniqueIdentifier>{e92a25cf-b30e-4faf-bd81-9d0ed37e9e51}</UniqueIdentifier>
    </Filter>
    <Filter Include="Engine\BaseScene">
      <UniqueIdentifier>{a9e99e14-0ce7-4fbb-b7e8-6e7f72e0d4ad}</UniqueIdentifier>
    </Filter>
    <Filter Include="Game\Scene">
      <UniqueIdentifier>{eca7b166-bb3a-4d22-a963-df1bc14ddaf7}</UniqueIdentifier>
    </Filter>
    <Filter Include="Engine\Collision">
      <UniqueIdentifier>{a718f71a-1100-4bcb-9d06-9473b05ba18c}</UniqueIdentifier>
    </Filter>
    <Filter Include="Engine\DebugText">
      <UniqueIdentifier>{4716450b-8a68-4a09-b551-37c545463912}</UniqueIdentifier>
    </Filter>
    <Filter Include="Engine\Audio">
      <UniqueIdentifier>{951f94c5-20fb-491b-b20e-c5528d356ac4}</UniqueIdentifier>
    </Filter>
  </ItemGroup>
  <ItemGroup>
    <ClCompile Include="main.cpp" />
    <ClCompile Include="Engine\Base\DirectXCommon.cpp">
      <Filter>Engine\Base</Filter>
    </ClCompile>
    <ClCompile Include="Engine\Base\WinApp.cpp">
      <Filter>Engine\Base</Filter>
    </ClCompile>
    <ClCompile Include="Engine\3d\ModelManager.cpp">
      <Filter>Engine\3d</Filter>
    </ClCompile>
    <ClCompile Include="Engine\3d\Object3d.cpp">
      <Filter>Engine\3d</Filter>
    </ClCompile>
    <ClCompile Include="Engine\2d\Sprite.cpp">
      <Filter>Engine\2d</Filter>
    </ClCompile>
    <ClCompile Include="Engine\Input\Input.cpp">
      <Filter>Engine\Input</Filter>
    </ClCompile>
    <ClCompile Include="Engine\DebugText\ImGuiManager.cpp">
      <Filter>Engine\DebugText</Filter>
    </ClCompile>
    <ClCompile Include="Engine\3d\Particle\Particle.cpp">
      <Filter>Engine\3d\Particle</Filter>
    </ClCompile>
    <ClCompile Include="Engine\Base\TextureManager.cpp">
      <Filter>Engine\Base</Filter>
    </ClCompile>
    <ClCompile Include="Engine\Framework\Framework.cpp">
      <Filter>Engine\Framework</Filter>
    </ClCompile>
    <ClCompile Include="Game\MyGame.cpp">
      <Filter>Game</Filter>
    </ClCompile>
    <ClCompile Include="Game\Scene\GameScene.cpp">
      <Filter>Game\Scene</Filter>
    </ClCompile>
    <ClCompile Include="Game\Scene\SceneFactory.cpp">
      <Filter>Game\Scene</Filter>
    </ClCompile>
    <ClCompile Include="Engine\BaseScene\SceneManager.cpp">
      <Filter>Engine\BaseScene</Filter>
    </ClCompile>
    <ClCompile Include="Engine\Collision\Hit.cpp">
      <Filter>Engine\Collision</Filter>
    </ClCompile>
    <ClCompile Include="Engine\Camera\Camera.cpp">
      <Filter>Engine\Camera</Filter>
    </ClCompile>
    <ClCompile Include="Engine\3d\WorldTransform.cpp">
      <Filter>Engine\3d</Filter>
    </ClCompile>
    <ClCompile Include="Engine\3d\DirectionalLight.cpp">
      <Filter>Engine\3d</Filter>
    </ClCompile>
    <ClCompile Include="Engine\DebugText\GlobalVariables.cpp">
      <Filter>Engine\DebugText</Filter>
    </ClCompile>
    <ClCompile Include="Engine\Audio\Audio.cpp">
      <Filter>Engine\Audio</Filter>
    </ClCompile>
    <ClCompile Include="Game\Player\Player.cpp" />
    <ClCompile Include="Game\FollowCamera\FollowCamera.cpp" />
  </ItemGroup>
  <ItemGroup>
    <ClInclude Include="Engine\Base\DirectXCommon.h">
      <Filter>Engine\Base</Filter>
    </ClInclude>
    <ClInclude Include="Engine\Base\WinApp.h">
      <Filter>Engine\Base</Filter>
    </ClInclude>
    <ClInclude Include="Engine\3d\ModelManager.h">
      <Filter>Engine\3d</Filter>
    </ClInclude>
    <ClInclude Include="Engine\2d\Sprite.h">
      <Filter>Engine\2d</Filter>
    </ClInclude>
    <ClInclude Include="Engine\3d\WorldTransform.h">
      <Filter>Engine\3d</Filter>
    </ClInclude>
    <ClInclude Include="Engine\Math\Vec2.h">
      <Filter>Engine\Math</Filter>
    </ClInclude>
    <ClInclude Include="Engine\Math\Vec3.h">
      <Filter>Engine\Math</Filter>
    </ClInclude>
    <ClInclude Include="Engine\Math\Vec4.h">
      <Filter>Engine\Math</Filter>
    </ClInclude>
    <ClInclude Include="Engine\Math\Matrix44.h">
      <Filter>Engine\Math</Filter>
    </ClInclude>
    <ClInclude Include="Engine\Input\Input.h">
      <Filter>Engine\Input</Filter>
    </ClInclude>
    <ClInclude Include="Engine\DebugText\ImGuiManager.h">
      <Filter>Engine\DebugText</Filter>
    </ClInclude>
    <ClInclude Include="Engine\DebugText\Log.h">
      <Filter>Engine\DebugText</Filter>
    </ClInclude>
    <ClInclude Include="Engine\3d\Particle\Particle.h">
      <Filter>Engine\3d\Particle</Filter>
    </ClInclude>
    <ClInclude Include="Engine\Base\TextureManager.h">
      <Filter>Engine\Base</Filter>
    </ClInclude>
    <ClInclude Include="Engine\Math\Quaternion.h">
      <Filter>Engine\Math</Filter>
    </ClInclude>
    <ClInclude Include="Engine\Framework\Framework.h">
      <Filter>Engine\Framework</Filter>
    </ClInclude>
    <ClInclude Include="Game\MyGame.h">
      <Filter>Game</Filter>
    </ClInclude>
    <ClInclude Include="Game\Scene\GameScene.h">
      <Filter>Game\Scene</Filter>
    </ClInclude>
    <ClInclude Include="Game\Scene\SceneFactory.h">
      <Filter>Game\Scene</Filter>
    </ClInclude>
    <ClInclude Include="Engine\BaseScene\AbstractSceneFactory.h">
      <Filter>Engine\BaseScene</Filter>
    </ClInclude>
    <ClInclude Include="Engine\BaseScene\IScene.h">
      <Filter>Engine\BaseScene</Filter>
    </ClInclude>
    <ClInclude Include="Engine\BaseScene\SceneManager.h">
      <Filter>Engine\BaseScene</Filter>
    </ClInclude>
    <ClInclude Include="Engine\Collision\Hit.h">
      <Filter>Engine\Collision</Filter>
    </ClInclude>
    <ClInclude Include="Engine\Camera\Camera.h">
      <Filter>Engine\Camera</Filter>
    </ClInclude>
    <ClInclude Include="Engine\3d\Object3d.h">
      <Filter>Engine\3d</Filter>
    </ClInclude>
    <ClInclude Include="Engine\3d\DirectionalLight.h">
      <Filter>Engine\3d</Filter>
    </ClInclude>
    <ClInclude Include="Engine\DebugText\GlobalVariables.h">
      <Filter>Engine\DebugText</Filter>
    </ClInclude>
    <ClInclude Include="Engine\Audio\Audio.h">
      <Filter>Engine\Audio</Filter>
    </ClInclude>
    <ClInclude Include="Game\Player\Player.h" />
    <ClInclude Include="Game\Character\Character.h" />
    <ClInclude Include="Game\FollowCamera\FollowCamera.h" />
  </ItemGroup>
</Project>